// !$*UTF8*$!
{
	archiveVersion = 1;
	classes = {
	};
	objectVersion = 51;
	objects = {

/* Begin PBXBuildFile section */
		7715272924A6200F0075F744 /* CityData.xcdatamodeld in Sources */ = {isa = PBXBuildFile; fileRef = 7715272724A6200F0075F744 /* CityData.xcdatamodeld */; };
		77165D7B24A5E47B00FC8F4F /* AppDelegate.swift in Sources */ = {isa = PBXBuildFile; fileRef = 77165D7A24A5E47B00FC8F4F /* AppDelegate.swift */; };
		77165D7D24A5E47B00FC8F4F /* SceneDelegate.swift in Sources */ = {isa = PBXBuildFile; fileRef = 77165D7C24A5E47B00FC8F4F /* SceneDelegate.swift */; };
		77165D8424A5E47D00FC8F4F /* Assets.xcassets in Resources */ = {isa = PBXBuildFile; fileRef = 77165D8324A5E47D00FC8F4F /* Assets.xcassets */; };
		77165D8724A5E47D00FC8F4F /* LaunchScreen.storyboard in Resources */ = {isa = PBXBuildFile; fileRef = 77165D8524A5E47D00FC8F4F /* LaunchScreen.storyboard */; };
		77165D9824A5E83C00FC8F4F /* Scene.swift in Sources */ = {isa = PBXBuildFile; fileRef = 77165D9724A5E83C00FC8F4F /* Scene.swift */; };
		77165D9A24A5E84A00FC8F4F /* Router.swift in Sources */ = {isa = PBXBuildFile; fileRef = 77165D9924A5E84A00FC8F4F /* Router.swift */; };
		77165D9C24A5E86B00FC8F4F /* Presentation.swift in Sources */ = {isa = PBXBuildFile; fileRef = 77165D9B24A5E86B00FC8F4F /* Presentation.swift */; };
		77165D9F24A5E88800FC8F4F /* BaseScene.swift in Sources */ = {isa = PBXBuildFile; fileRef = 77165D9E24A5E88800FC8F4F /* BaseScene.swift */; };
		77165DA124A5E89000FC8F4F /* BaseRouter.swift in Sources */ = {isa = PBXBuildFile; fileRef = 77165DA024A5E89000FC8F4F /* BaseRouter.swift */; };
		77165DA424A5E8B800FC8F4F /* PopoverPresentation.swift in Sources */ = {isa = PBXBuildFile; fileRef = 77165DA324A5E8B800FC8F4F /* PopoverPresentation.swift */; };
		77165DA724A5E8E300FC8F4F /* MainRouter.swift in Sources */ = {isa = PBXBuildFile; fileRef = 77165DA624A5E8E300FC8F4F /* MainRouter.swift */; };
		77165DA924A5E95B00FC8F4F /* Weaver.swift in Sources */ = {isa = PBXBuildFile; fileRef = 77165DA824A5E95B00FC8F4F /* Weaver.swift */; };
		77165DAC24A5F0AC00FC8F4F /* WeatherTableScene.swift in Sources */ = {isa = PBXBuildFile; fileRef = 77165DAB24A5F0AC00FC8F4F /* WeatherTableScene.swift */; };
		77165DAE24A5F12000FC8F4F /* WeatherTableViewModel.swift in Sources */ = {isa = PBXBuildFile; fileRef = 77165DAD24A5F12000FC8F4F /* WeatherTableViewModel.swift */; };
		77165DB024A5F17900FC8F4F /* WeatherTableViewModelProtocol.swift in Sources */ = {isa = PBXBuildFile; fileRef = 77165DAF24A5F17900FC8F4F /* WeatherTableViewModelProtocol.swift */; };
		77165DB224A5F1A100FC8F4F /* WeatherTableRouter.swift in Sources */ = {isa = PBXBuildFile; fileRef = 77165DB124A5F1A100FC8F4F /* WeatherTableRouter.swift */; };
		77165DB424A5F1C900FC8F4F /* WeatherTableRouterProtocol.swift in Sources */ = {isa = PBXBuildFile; fileRef = 77165DB324A5F1C900FC8F4F /* WeatherTableRouterProtocol.swift */; };
		77165DB824A5F24B00FC8F4F /* BaseController.swift in Sources */ = {isa = PBXBuildFile; fileRef = 77165DB724A5F24B00FC8F4F /* BaseController.swift */; };
		77165DBB24A5F27A00FC8F4F /* StaticNavigationBar.swift in Sources */ = {isa = PBXBuildFile; fileRef = 77165DBA24A5F27A00FC8F4F /* StaticNavigationBar.swift */; };
		77165DC024A5F30D00FC8F4F /* WeatherTableController.swift in Sources */ = {isa = PBXBuildFile; fileRef = 77165DBF24A5F30D00FC8F4F /* WeatherTableController.swift */; };
		77165DC224A5F3A200FC8F4F /* WeatherControllerProtocol.swift in Sources */ = {isa = PBXBuildFile; fileRef = 77165DC124A5F3A200FC8F4F /* WeatherControllerProtocol.swift */; };
		77165DC424A5F75200FC8F4F /* CityWeatherScene.swift in Sources */ = {isa = PBXBuildFile; fileRef = 77165DC324A5F75200FC8F4F /* CityWeatherScene.swift */; };
		77165DC724A5F7C700FC8F4F /* CityWeatherViewModel.swift in Sources */ = {isa = PBXBuildFile; fileRef = 77165DC624A5F7C700FC8F4F /* CityWeatherViewModel.swift */; };
		77165DC924A5F7F500FC8F4F /* CityWeatherViewModelProtocol.swift in Sources */ = {isa = PBXBuildFile; fileRef = 77165DC824A5F7F500FC8F4F /* CityWeatherViewModelProtocol.swift */; };
		77165DCB24A5F80C00FC8F4F /* CityWeatherRouter.swift in Sources */ = {isa = PBXBuildFile; fileRef = 77165DCA24A5F80C00FC8F4F /* CityWeatherRouter.swift */; };
		77165DCD24A5F8FF00FC8F4F /* CityWeatherRouterProtocol.swift in Sources */ = {isa = PBXBuildFile; fileRef = 77165DCC24A5F8FF00FC8F4F /* CityWeatherRouterProtocol.swift */; };
		77165DD124A5F95800FC8F4F /* CityWetherController.swift in Sources */ = {isa = PBXBuildFile; fileRef = 77165DD024A5F95800FC8F4F /* CityWetherController.swift */; };
		77165DD324A5F9B000FC8F4F /* CityWeatherControllerProtocol.swift in Sources */ = {isa = PBXBuildFile; fileRef = 77165DD224A5F9B000FC8F4F /* CityWeatherControllerProtocol.swift */; };
		77165DD624A5FDC100FC8F4F /* NetworkService.swift in Sources */ = {isa = PBXBuildFile; fileRef = 77165DD524A5FDC100FC8F4F /* NetworkService.swift */; };
		77165DD924A5FFA900FC8F4F /* URLs.swift in Sources */ = {isa = PBXBuildFile; fileRef = 77165DD824A5FFA900FC8F4F /* URLs.swift */; };
		77165DDB24A6043E00FC8F4F /* JSONDecoderService.swift in Sources */ = {isa = PBXBuildFile; fileRef = 77165DDA24A6043E00FC8F4F /* JSONDecoderService.swift */; };
		77165DE024A606EF00FC8F4F /* city.list.json in Resources */ = {isa = PBXBuildFile; fileRef = 77165DDF24A606EF00FC8F4F /* city.list.json */; };
		77C8699124A6287F007BA750 /* CoreDataManager.swift in Sources */ = {isa = PBXBuildFile; fileRef = 77C8699024A6287F007BA750 /* CoreDataManager.swift */; };
		77F3642D24A62DBD00C240CF /* CodingUserInfoKey.swift in Sources */ = {isa = PBXBuildFile; fileRef = 77F3642C24A62DBD00C240CF /* CodingUserInfoKey.swift */; };
		77F3642F24A62DE500C240CF /* JSONDecoder.swift in Sources */ = {isa = PBXBuildFile; fileRef = 77F3642E24A62DE500C240CF /* JSONDecoder.swift */; };
		77F3644424A6374800C240CF /* CityData+CoreDataProperties.swift in Sources */ = {isa = PBXBuildFile; fileRef = 77F3644024A6374700C240CF /* CityData+CoreDataProperties.swift */; };
		77F3644524A6374800C240CF /* Coord+CoreDataClass.swift in Sources */ = {isa = PBXBuildFile; fileRef = 77F3644124A6374700C240CF /* Coord+CoreDataClass.swift */; };
		77F3644624A6374800C240CF /* CityData+CoreDataClass.swift in Sources */ = {isa = PBXBuildFile; fileRef = 77F3644224A6374800C240CF /* CityData+CoreDataClass.swift */; };
		77F3644724A6374800C240CF /* Coord+CoreDataProperties.swift in Sources */ = {isa = PBXBuildFile; fileRef = 77F3644324A6374800C240CF /* Coord+CoreDataProperties.swift */; };
		77F3644924A6445F00C240CF /* UserDefaults+Keys.swift in Sources */ = {isa = PBXBuildFile; fileRef = 77F3644824A6445F00C240CF /* UserDefaults+Keys.swift */; };
		77F3644F24A763F900C240CF /* Texts.swift in Sources */ = {isa = PBXBuildFile; fileRef = 77F3644E24A763F900C240CF /* Texts.swift */; };
		77F3645124A7657800C240CF /* CityWeatherCell.swift in Sources */ = {isa = PBXBuildFile; fileRef = 77F3645024A7657800C240CF /* CityWeatherCell.swift */; };
		77F3645424A7663000C240CF /* HeaderCell.swift in Sources */ = {isa = PBXBuildFile; fileRef = 77F3645324A7663000C240CF /* HeaderCell.swift */; };
		77F3645724A766BA00C240CF /* HeaderCellDelegate.swift in Sources */ = {isa = PBXBuildFile; fileRef = 77F3645624A766BA00C240CF /* HeaderCellDelegate.swift */; };
		77F3645A24A768C400C240CF /* AddCityScene.swift in Sources */ = {isa = PBXBuildFile; fileRef = 77F3645924A768C400C240CF /* AddCityScene.swift */; };
		77F3645C24A7690E00C240CF /* AddCityViewModel.swift in Sources */ = {isa = PBXBuildFile; fileRef = 77F3645B24A7690E00C240CF /* AddCityViewModel.swift */; };
		77F3645E24A7695000C240CF /* AddCityViewModelProtocol.swift in Sources */ = {isa = PBXBuildFile; fileRef = 77F3645D24A7695000C240CF /* AddCityViewModelProtocol.swift */; };
		77F3646024A7696400C240CF /* AddCityRouter.swift in Sources */ = {isa = PBXBuildFile; fileRef = 77F3645F24A7696400C240CF /* AddCityRouter.swift */; };
		77F3646224A7699400C240CF /* AddCityRouterProtocol.swift in Sources */ = {isa = PBXBuildFile; fileRef = 77F3646124A7699400C240CF /* AddCityRouterProtocol.swift */; };
		77F3646524A769C300C240CF /* AddCityController.swift in Sources */ = {isa = PBXBuildFile; fileRef = 77F3646424A769C300C240CF /* AddCityController.swift */; };
		77F3646724A769ED00C240CF /* AddCityControllerProtocol.swift in Sources */ = {isa = PBXBuildFile; fileRef = 77F3646624A769ED00C240CF /* AddCityControllerProtocol.swift */; };
		872B9DDBA8C6CCC4662A6717 /* Pods_ApplicaturaTestProject.framework in Frameworks */ = {isa = PBXBuildFile; fileRef = CD88438D09E2AD66AC0B0718 /* Pods_ApplicaturaTestProject.framework */; };
/* End PBXBuildFile section */

/* Begin PBXFileReference section */
		7715272824A6200F0075F744 /* CityData.xcdatamodel */ = {isa = PBXFileReference; lastKnownFileType = wrapper.xcdatamodel; path = CityData.xcdatamodel; sourceTree = "<group>"; };
		77165D7724A5E47B00FC8F4F /* ApplicaturaTestProject.app */ = {isa = PBXFileReference; explicitFileType = wrapper.application; includeInIndex = 0; path = ApplicaturaTestProject.app; sourceTree = BUILT_PRODUCTS_DIR; };
		77165D7A24A5E47B00FC8F4F /* AppDelegate.swift */ = {isa = PBXFileReference; lastKnownFileType = sourcecode.swift; path = AppDelegate.swift; sourceTree = "<group>"; };
		77165D7C24A5E47B00FC8F4F /* SceneDelegate.swift */ = {isa = PBXFileReference; lastKnownFileType = sourcecode.swift; path = SceneDelegate.swift; sourceTree = "<group>"; };
		77165D8324A5E47D00FC8F4F /* Assets.xcassets */ = {isa = PBXFileReference; lastKnownFileType = folder.assetcatalog; path = Assets.xcassets; sourceTree = "<group>"; };
		77165D8624A5E47D00FC8F4F /* Base */ = {isa = PBXFileReference; lastKnownFileType = file.storyboard; name = Base; path = Base.lproj/LaunchScreen.storyboard; sourceTree = "<group>"; };
		77165D8824A5E47D00FC8F4F /* Info.plist */ = {isa = PBXFileReference; lastKnownFileType = text.plist.xml; path = Info.plist; sourceTree = "<group>"; };
		77165D9724A5E83C00FC8F4F /* Scene.swift */ = {isa = PBXFileReference; lastKnownFileType = sourcecode.swift; path = Scene.swift; sourceTree = "<group>"; };
		77165D9924A5E84A00FC8F4F /* Router.swift */ = {isa = PBXFileReference; lastKnownFileType = sourcecode.swift; path = Router.swift; sourceTree = "<group>"; };
		77165D9B24A5E86B00FC8F4F /* Presentation.swift */ = {isa = PBXFileReference; lastKnownFileType = sourcecode.swift; path = Presentation.swift; sourceTree = "<group>"; };
		77165D9E24A5E88800FC8F4F /* BaseScene.swift */ = {isa = PBXFileReference; lastKnownFileType = sourcecode.swift; path = BaseScene.swift; sourceTree = "<group>"; };
		77165DA024A5E89000FC8F4F /* BaseRouter.swift */ = {isa = PBXFileReference; lastKnownFileType = sourcecode.swift; path = BaseRouter.swift; sourceTree = "<group>"; };
		77165DA324A5E8B800FC8F4F /* PopoverPresentation.swift */ = {isa = PBXFileReference; lastKnownFileType = sourcecode.swift; path = PopoverPresentation.swift; sourceTree = "<group>"; };
		77165DA624A5E8E300FC8F4F /* MainRouter.swift */ = {isa = PBXFileReference; lastKnownFileType = sourcecode.swift; path = MainRouter.swift; sourceTree = "<group>"; };
		77165DA824A5E95B00FC8F4F /* Weaver.swift */ = {isa = PBXFileReference; fileEncoding = 4; lastKnownFileType = sourcecode.swift; path = Weaver.swift; sourceTree = "<group>"; };
		77165DAB24A5F0AC00FC8F4F /* WeatherTableScene.swift */ = {isa = PBXFileReference; lastKnownFileType = sourcecode.swift; path = WeatherTableScene.swift; sourceTree = "<group>"; };
		77165DAD24A5F12000FC8F4F /* WeatherTableViewModel.swift */ = {isa = PBXFileReference; lastKnownFileType = sourcecode.swift; path = WeatherTableViewModel.swift; sourceTree = "<group>"; };
		77165DAF24A5F17900FC8F4F /* WeatherTableViewModelProtocol.swift */ = {isa = PBXFileReference; lastKnownFileType = sourcecode.swift; path = WeatherTableViewModelProtocol.swift; sourceTree = "<group>"; };
		77165DB124A5F1A100FC8F4F /* WeatherTableRouter.swift */ = {isa = PBXFileReference; lastKnownFileType = sourcecode.swift; path = WeatherTableRouter.swift; sourceTree = "<group>"; };
		77165DB324A5F1C900FC8F4F /* WeatherTableRouterProtocol.swift */ = {isa = PBXFileReference; lastKnownFileType = sourcecode.swift; path = WeatherTableRouterProtocol.swift; sourceTree = "<group>"; };
		77165DB724A5F24B00FC8F4F /* BaseController.swift */ = {isa = PBXFileReference; lastKnownFileType = sourcecode.swift; path = BaseController.swift; sourceTree = "<group>"; };
		77165DBA24A5F27A00FC8F4F /* StaticNavigationBar.swift */ = {isa = PBXFileReference; lastKnownFileType = sourcecode.swift; path = StaticNavigationBar.swift; sourceTree = "<group>"; };
		77165DBF24A5F30D00FC8F4F /* WeatherTableController.swift */ = {isa = PBXFileReference; lastKnownFileType = sourcecode.swift; path = WeatherTableController.swift; sourceTree = "<group>"; };
		77165DC124A5F3A200FC8F4F /* WeatherControllerProtocol.swift */ = {isa = PBXFileReference; lastKnownFileType = sourcecode.swift; path = WeatherControllerProtocol.swift; sourceTree = "<group>"; };
		77165DC324A5F75200FC8F4F /* CityWeatherScene.swift */ = {isa = PBXFileReference; lastKnownFileType = sourcecode.swift; path = CityWeatherScene.swift; sourceTree = "<group>"; };
		77165DC624A5F7C700FC8F4F /* CityWeatherViewModel.swift */ = {isa = PBXFileReference; lastKnownFileType = sourcecode.swift; path = CityWeatherViewModel.swift; sourceTree = "<group>"; };
		77165DC824A5F7F500FC8F4F /* CityWeatherViewModelProtocol.swift */ = {isa = PBXFileReference; lastKnownFileType = sourcecode.swift; path = CityWeatherViewModelProtocol.swift; sourceTree = "<group>"; };
		77165DCA24A5F80C00FC8F4F /* CityWeatherRouter.swift */ = {isa = PBXFileReference; lastKnownFileType = sourcecode.swift; path = CityWeatherRouter.swift; sourceTree = "<group>"; };
		77165DCC24A5F8FF00FC8F4F /* CityWeatherRouterProtocol.swift */ = {isa = PBXFileReference; lastKnownFileType = sourcecode.swift; path = CityWeatherRouterProtocol.swift; sourceTree = "<group>"; };
		77165DD024A5F95800FC8F4F /* CityWetherController.swift */ = {isa = PBXFileReference; lastKnownFileType = sourcecode.swift; path = CityWetherController.swift; sourceTree = "<group>"; };
		77165DD224A5F9B000FC8F4F /* CityWeatherControllerProtocol.swift */ = {isa = PBXFileReference; lastKnownFileType = sourcecode.swift; path = CityWeatherControllerProtocol.swift; sourceTree = "<group>"; };
		77165DD524A5FDC100FC8F4F /* NetworkService.swift */ = {isa = PBXFileReference; lastKnownFileType = sourcecode.swift; path = NetworkService.swift; sourceTree = "<group>"; };
		77165DD824A5FFA900FC8F4F /* URLs.swift */ = {isa = PBXFileReference; lastKnownFileType = sourcecode.swift; path = URLs.swift; sourceTree = "<group>"; };
		77165DDA24A6043E00FC8F4F /* JSONDecoderService.swift */ = {isa = PBXFileReference; lastKnownFileType = sourcecode.swift; path = JSONDecoderService.swift; sourceTree = "<group>"; };
		77165DDF24A606EF00FC8F4F /* city.list.json */ = {isa = PBXFileReference; fileEncoding = 4; lastKnownFileType = text.json; path = city.list.json; sourceTree = "<group>"; };
		77C8699024A6287F007BA750 /* CoreDataManager.swift */ = {isa = PBXFileReference; lastKnownFileType = sourcecode.swift; path = CoreDataManager.swift; sourceTree = "<group>"; };
		77F3642C24A62DBD00C240CF /* CodingUserInfoKey.swift */ = {isa = PBXFileReference; lastKnownFileType = sourcecode.swift; path = CodingUserInfoKey.swift; sourceTree = "<group>"; };
		77F3642E24A62DE500C240CF /* JSONDecoder.swift */ = {isa = PBXFileReference; lastKnownFileType = sourcecode.swift; path = JSONDecoder.swift; sourceTree = "<group>"; };
		77F3644024A6374700C240CF /* CityData+CoreDataProperties.swift */ = {isa = PBXFileReference; fileEncoding = 4; lastKnownFileType = sourcecode.swift; path = "CityData+CoreDataProperties.swift"; sourceTree = "<group>"; };
		77F3644124A6374700C240CF /* Coord+CoreDataClass.swift */ = {isa = PBXFileReference; fileEncoding = 4; lastKnownFileType = sourcecode.swift; path = "Coord+CoreDataClass.swift"; sourceTree = "<group>"; };
		77F3644224A6374800C240CF /* CityData+CoreDataClass.swift */ = {isa = PBXFileReference; fileEncoding = 4; lastKnownFileType = sourcecode.swift; path = "CityData+CoreDataClass.swift"; sourceTree = "<group>"; };
		77F3644324A6374800C240CF /* Coord+CoreDataProperties.swift */ = {isa = PBXFileReference; fileEncoding = 4; lastKnownFileType = sourcecode.swift; path = "Coord+CoreDataProperties.swift"; sourceTree = "<group>"; };
		77F3644824A6445F00C240CF /* UserDefaults+Keys.swift */ = {isa = PBXFileReference; lastKnownFileType = sourcecode.swift; path = "UserDefaults+Keys.swift"; sourceTree = "<group>"; };
		77F3644E24A763F900C240CF /* Texts.swift */ = {isa = PBXFileReference; lastKnownFileType = sourcecode.swift; path = Texts.swift; sourceTree = "<group>"; };
		77F3645024A7657800C240CF /* CityWeatherCell.swift */ = {isa = PBXFileReference; lastKnownFileType = sourcecode.swift; path = CityWeatherCell.swift; sourceTree = "<group>"; };
		77F3645324A7663000C240CF /* HeaderCell.swift */ = {isa = PBXFileReference; lastKnownFileType = sourcecode.swift; path = HeaderCell.swift; sourceTree = "<group>"; };
		77F3645624A766BA00C240CF /* HeaderCellDelegate.swift */ = {isa = PBXFileReference; lastKnownFileType = sourcecode.swift; path = HeaderCellDelegate.swift; sourceTree = "<group>"; };
		77F3645924A768C400C240CF /* AddCityScene.swift */ = {isa = PBXFileReference; lastKnownFileType = sourcecode.swift; path = AddCityScene.swift; sourceTree = "<group>"; };
		77F3645B24A7690E00C240CF /* AddCityViewModel.swift */ = {isa = PBXFileReference; lastKnownFileType = sourcecode.swift; path = AddCityViewModel.swift; sourceTree = "<group>"; };
		77F3645D24A7695000C240CF /* AddCityViewModelProtocol.swift */ = {isa = PBXFileReference; lastKnownFileType = sourcecode.swift; path = AddCityViewModelProtocol.swift; sourceTree = "<group>"; };
		77F3645F24A7696400C240CF /* AddCityRouter.swift */ = {isa = PBXFileReference; lastKnownFileType = sourcecode.swift; path = AddCityRouter.swift; sourceTree = "<group>"; };
		77F3646124A7699400C240CF /* AddCityRouterProtocol.swift */ = {isa = PBXFileReference; lastKnownFileType = sourcecode.swift; path = AddCityRouterProtocol.swift; sourceTree = "<group>"; };
		77F3646424A769C300C240CF /* AddCityController.swift */ = {isa = PBXFileReference; lastKnownFileType = sourcecode.swift; path = AddCityController.swift; sourceTree = "<group>"; };
		77F3646624A769ED00C240CF /* AddCityControllerProtocol.swift */ = {isa = PBXFileReference; lastKnownFileType = sourcecode.swift; path = AddCityControllerProtocol.swift; sourceTree = "<group>"; };
		90CDBE52CCB0896DDCF0F363 /* Pods-ApplicaturaTestProject.debug.xcconfig */ = {isa = PBXFileReference; includeInIndex = 1; lastKnownFileType = text.xcconfig; name = "Pods-ApplicaturaTestProject.debug.xcconfig"; path = "Target Support Files/Pods-ApplicaturaTestProject/Pods-ApplicaturaTestProject.debug.xcconfig"; sourceTree = "<group>"; };
		AECA40071ECB291B43E12E99 /* Pods-ApplicaturaTestProject.release.xcconfig */ = {isa = PBXFileReference; includeInIndex = 1; lastKnownFileType = text.xcconfig; name = "Pods-ApplicaturaTestProject.release.xcconfig"; path = "Target Support Files/Pods-ApplicaturaTestProject/Pods-ApplicaturaTestProject.release.xcconfig"; sourceTree = "<group>"; };
		CD88438D09E2AD66AC0B0718 /* Pods_ApplicaturaTestProject.framework */ = {isa = PBXFileReference; explicitFileType = wrapper.framework; includeInIndex = 0; path = Pods_ApplicaturaTestProject.framework; sourceTree = BUILT_PRODUCTS_DIR; };
/* End PBXFileReference section */

/* Begin PBXFrameworksBuildPhase section */
		77165D7424A5E47B00FC8F4F /* Frameworks */ = {
			isa = PBXFrameworksBuildPhase;
			buildActionMask = 2147483647;
			files = (
				872B9DDBA8C6CCC4662A6717 /* Pods_ApplicaturaTestProject.framework in Frameworks */,
			);
			runOnlyForDeploymentPostprocessing = 0;
		};
/* End PBXFrameworksBuildPhase section */

/* Begin PBXGroup section */
		44B833A0ADCA6FE2FDB76C50 /* Frameworks */ = {
			isa = PBXGroup;
			children = (
				CD88438D09E2AD66AC0B0718 /* Pods_ApplicaturaTestProject.framework */,
			);
			name = Frameworks;
			sourceTree = "<group>";
		};
		4A0C337829E62F48EA31B2E0 /* Pods */ = {
			isa = PBXGroup;
			children = (
				90CDBE52CCB0896DDCF0F363 /* Pods-ApplicaturaTestProject.debug.xcconfig */,
				AECA40071ECB291B43E12E99 /* Pods-ApplicaturaTestProject.release.xcconfig */,
			);
			path = Pods;
			sourceTree = "<group>";
		};
		77165D6E24A5E47B00FC8F4F = {
			isa = PBXGroup;
			children = (
				77165D7924A5E47B00FC8F4F /* ApplicaturaTestProject */,
				77165D7824A5E47B00FC8F4F /* Products */,
				4A0C337829E62F48EA31B2E0 /* Pods */,
				44B833A0ADCA6FE2FDB76C50 /* Frameworks */,
			);
			sourceTree = "<group>";
		};
		77165D7824A5E47B00FC8F4F /* Products */ = {
			isa = PBXGroup;
			children = (
				77165D7724A5E47B00FC8F4F /* ApplicaturaTestProject.app */,
			);
			name = Products;
			sourceTree = "<group>";
		};
		77165D7924A5E47B00FC8F4F /* ApplicaturaTestProject */ = {
			isa = PBXGroup;
			children = (
				77165D8E24A5E53E00FC8F4F /* Source */,
				77165D9424A5E6F500FC8F4F /* SupportingFiles */,
				77165DB524A5F22100FC8F4F /* UI */,
				77165DD724A5FF9700FC8F4F /* Base */,
			);
			path = ApplicaturaTestProject;
			sourceTree = "<group>";
		};
		77165D8E24A5E53E00FC8F4F /* Source */ = {
			isa = PBXGroup;
			children = (
				77165D8F24A5E54800FC8F4F /* Dependencies */,
				77165D9524A5E81100FC8F4F /* Scenes */,
				77165D9324A5E6DB00FC8F4F /* Services */,
			);
			path = Source;
			sourceTree = "<group>";
		};
		77165D8F24A5E54800FC8F4F /* Dependencies */ = {
			isa = PBXGroup;
			children = (
				77165D9024A5E55B00FC8F4F /* Generated */,
			);
			path = Dependencies;
			sourceTree = "<group>";
		};
		77165D9024A5E55B00FC8F4F /* Generated */ = {
			isa = PBXGroup;
			children = (
				77165DA824A5E95B00FC8F4F /* Weaver.swift */,
			);
			path = Generated;
			sourceTree = "<group>";
		};
		77165D9224A5E69A00FC8F4F /* Application */ = {
			isa = PBXGroup;
			children = (
				77165D7A24A5E47B00FC8F4F /* AppDelegate.swift */,
				77165D7C24A5E47B00FC8F4F /* SceneDelegate.swift */,
			);
			path = Application;
			sourceTree = "<group>";
		};
		77165D9324A5E6DB00FC8F4F /* Services */ = {
			isa = PBXGroup;
			children = (
				77165DD424A5FD7E00FC8F4F /* NetworkService */,
				77165D9224A5E69A00FC8F4F /* Application */,
			);
			path = Services;
			sourceTree = "<group>";
		};
		77165D9424A5E6F500FC8F4F /* SupportingFiles */ = {
			isa = PBXGroup;
			children = (
				77165D8324A5E47D00FC8F4F /* Assets.xcassets */,
				77165D8524A5E47D00FC8F4F /* LaunchScreen.storyboard */,
				77165D8824A5E47D00FC8F4F /* Info.plist */,
				77165DDF24A606EF00FC8F4F /* city.list.json */,
				7715272724A6200F0075F744 /* CityData.xcdatamodeld */,
			);
			path = SupportingFiles;
			sourceTree = "<group>";
		};
		77165D9524A5E81100FC8F4F /* Scenes */ = {
			isa = PBXGroup;
			children = (
				77165D9624A5E82C00FC8F4F /* Protocols */,
				77165DA524A5E8CB00FC8F4F /* MainScene */,
				77165DAA24A5F08800FC8F4F /* WeatherTableScene */,
				77F3645824A768AC00C240CF /* AddCityScene */,
				77165DC524A5F75700FC8F4F /* CityWeatherScene */,
			);
			path = Scenes;
			sourceTree = "<group>";
		};
		77165D9624A5E82C00FC8F4F /* Protocols */ = {
			isa = PBXGroup;
			children = (
				77165DA224A5E89A00FC8F4F /* Presentation */,
				77165D9D24A5E87300FC8F4F /* Base */,
				77165D9724A5E83C00FC8F4F /* Scene.swift */,
				77165D9924A5E84A00FC8F4F /* Router.swift */,
				77165D9B24A5E86B00FC8F4F /* Presentation.swift */,
			);
			path = Protocols;
			sourceTree = "<group>";
		};
		77165D9D24A5E87300FC8F4F /* Base */ = {
			isa = PBXGroup;
			children = (
				77165D9E24A5E88800FC8F4F /* BaseScene.swift */,
				77165DA024A5E89000FC8F4F /* BaseRouter.swift */,
			);
			path = Base;
			sourceTree = "<group>";
		};
		77165DA224A5E89A00FC8F4F /* Presentation */ = {
			isa = PBXGroup;
			children = (
				77165DA324A5E8B800FC8F4F /* PopoverPresentation.swift */,
			);
			path = Presentation;
			sourceTree = "<group>";
		};
		77165DA524A5E8CB00FC8F4F /* MainScene */ = {
			isa = PBXGroup;
			children = (
				77165DA624A5E8E300FC8F4F /* MainRouter.swift */,
			);
			path = MainScene;
			sourceTree = "<group>";
		};
		77165DAA24A5F08800FC8F4F /* WeatherTableScene */ = {
			isa = PBXGroup;
			children = (
				77165DAB24A5F0AC00FC8F4F /* WeatherTableScene.swift */,
				77165DAD24A5F12000FC8F4F /* WeatherTableViewModel.swift */,
				77165DAF24A5F17900FC8F4F /* WeatherTableViewModelProtocol.swift */,
				77165DB124A5F1A100FC8F4F /* WeatherTableRouter.swift */,
				77165DB324A5F1C900FC8F4F /* WeatherTableRouterProtocol.swift */,
			);
			path = WeatherTableScene;
			sourceTree = "<group>";
		};
		77165DB524A5F22100FC8F4F /* UI */ = {
			isa = PBXGroup;
			children = (
				77165DCE24A5F92700FC8F4F /* New Group */,
			);
			path = UI;
			sourceTree = "<group>";
		};
		77165DB624A5F22700FC8F4F /* Scenes */ = {
			isa = PBXGroup;
			children = (
				77F3644D24A763EC00C240CF /* Assets */,
				77165DB924A5F26500FC8F4F /* BaseUI */,
				77165DBE24A5F29700FC8F4F /* WeatherTableScene */,
				77F3646324A769B100C240CF /* AddCityScene */,
				77165DCF24A5F93400FC8F4F /* CityWeatherScene */,
			);
			path = Scenes;
			sourceTree = "<group>";
		};
		77165DB924A5F26500FC8F4F /* BaseUI */ = {
			isa = PBXGroup;
			children = (
				77165DBD24A5F28D00FC8F4F /* Controllers */,
				77165DBC24A5F28500FC8F4F /* Views */,
			);
			path = BaseUI;
			sourceTree = "<group>";
		};
		77165DBC24A5F28500FC8F4F /* Views */ = {
			isa = PBXGroup;
			children = (
				77165DBA24A5F27A00FC8F4F /* StaticNavigationBar.swift */,
			);
			path = Views;
			sourceTree = "<group>";
		};
		77165DBD24A5F28D00FC8F4F /* Controllers */ = {
			isa = PBXGroup;
			children = (
				77165DB724A5F24B00FC8F4F /* BaseController.swift */,
			);
			path = Controllers;
			sourceTree = "<group>";
		};
		77165DBE24A5F29700FC8F4F /* WeatherTableScene */ = {
			isa = PBXGroup;
			children = (
				77F3645224A7657D00C240CF /* Views */,
				77165DBF24A5F30D00FC8F4F /* WeatherTableController.swift */,
				77165DC124A5F3A200FC8F4F /* WeatherControllerProtocol.swift */,
			);
			path = WeatherTableScene;
			sourceTree = "<group>";
		};
		77165DC524A5F75700FC8F4F /* CityWeatherScene */ = {
			isa = PBXGroup;
			children = (
				77165DC324A5F75200FC8F4F /* CityWeatherScene.swift */,
				77165DC624A5F7C700FC8F4F /* CityWeatherViewModel.swift */,
				77165DC824A5F7F500FC8F4F /* CityWeatherViewModelProtocol.swift */,
				77165DCA24A5F80C00FC8F4F /* CityWeatherRouter.swift */,
				77165DCC24A5F8FF00FC8F4F /* CityWeatherRouterProtocol.swift */,
			);
			path = CityWeatherScene;
			sourceTree = "<group>";
		};
		77165DCE24A5F92700FC8F4F /* New Group */ = {
			isa = PBXGroup;
			children = (
				77165DB624A5F22700FC8F4F /* Scenes */,
			);
			path = "New Group";
			sourceTree = "<group>";
		};
		77165DCF24A5F93400FC8F4F /* CityWeatherScene */ = {
			isa = PBXGroup;
			children = (
				77165DD024A5F95800FC8F4F /* CityWetherController.swift */,
				77165DD224A5F9B000FC8F4F /* CityWeatherControllerProtocol.swift */,
			);
			path = CityWeatherScene;
			sourceTree = "<group>";
		};
		77165DD424A5FD7E00FC8F4F /* NetworkService */ = {
			isa = PBXGroup;
			children = (
				77165DD524A5FDC100FC8F4F /* NetworkService.swift */,
				77165DDA24A6043E00FC8F4F /* JSONDecoderService.swift */,
				77C8699024A6287F007BA750 /* CoreDataManager.swift */,
			);
			path = NetworkService;
			sourceTree = "<group>";
		};
		77165DD724A5FF9700FC8F4F /* Base */ = {
			isa = PBXGroup;
			children = (
				77F3642B24A62D9F00C240CF /* Extension */,
				77165DDC24A605AC00FC8F4F /* Model */,
				77165DD824A5FFA900FC8F4F /* URLs.swift */,
			);
			path = Base;
			sourceTree = "<group>";
		};
		77165DDC24A605AC00FC8F4F /* Model */ = {
			isa = PBXGroup;
			children = (
				77F3644C24A763A000C240CF /* CityData */,
			);
			path = Model;
			sourceTree = "<group>";
		};
		77F3642B24A62D9F00C240CF /* Extension */ = {
			isa = PBXGroup;
			children = (
				77F3642C24A62DBD00C240CF /* CodingUserInfoKey.swift */,
				77F3642E24A62DE500C240CF /* JSONDecoder.swift */,
				77F3644824A6445F00C240CF /* UserDefaults+Keys.swift */,
			);
			path = Extension;
			sourceTree = "<group>";
		};
		77F3644C24A763A000C240CF /* CityData */ = {
			isa = PBXGroup;
			children = (
				77F3644224A6374800C240CF /* CityData+CoreDataClass.swift */,
				77F3644024A6374700C240CF /* CityData+CoreDataProperties.swift */,
				77F3644124A6374700C240CF /* Coord+CoreDataClass.swift */,
				77F3644324A6374800C240CF /* Coord+CoreDataProperties.swift */,
			);
			path = CityData;
			sourceTree = "<group>";
		};
		77F3644D24A763EC00C240CF /* Assets */ = {
			isa = PBXGroup;
			children = (
				77F3644E24A763F900C240CF /* Texts.swift */,
			);
			path = Assets;
			sourceTree = "<group>";
		};
		77F3645224A7657D00C240CF /* Views */ = {
			isa = PBXGroup;
			children = (
				77F3645024A7657800C240CF /* CityWeatherCell.swift */,
				77F3645524A766A400C240CF /* HeaderCell */,
			);
			path = Views;
			sourceTree = "<group>";
		};
		77F3645524A766A400C240CF /* HeaderCell */ = {
			isa = PBXGroup;
			children = (
				77F3645324A7663000C240CF /* HeaderCell.swift */,
				77F3645624A766BA00C240CF /* HeaderCellDelegate.swift */,
			);
			path = HeaderCell;
			sourceTree = "<group>";
		};
		77F3645824A768AC00C240CF /* AddCityScene */ = {
			isa = PBXGroup;
			children = (
				77F3645924A768C400C240CF /* AddCityScene.swift */,
				77F3645B24A7690E00C240CF /* AddCityViewModel.swift */,
				77F3645D24A7695000C240CF /* AddCityViewModelProtocol.swift */,
				77F3645F24A7696400C240CF /* AddCityRouter.swift */,
				77F3646124A7699400C240CF /* AddCityRouterProtocol.swift */,
			);
			path = AddCityScene;
			sourceTree = "<group>";
		};
		77F3646324A769B100C240CF /* AddCityScene */ = {
			isa = PBXGroup;
			children = (
				77F3646424A769C300C240CF /* AddCityController.swift */,
				77F3646624A769ED00C240CF /* AddCityControllerProtocol.swift */,
			);
			path = AddCityScene;
			sourceTree = "<group>";
		};
/* End PBXGroup section */

/* Begin PBXNativeTarget section */
		77165D7624A5E47B00FC8F4F /* ApplicaturaTestProject */ = {
			isa = PBXNativeTarget;
			buildConfigurationList = 77165D8B24A5E47D00FC8F4F /* Build configuration list for PBXNativeTarget "ApplicaturaTestProject" */;
			buildPhases = (
				F69E1E530B6386F55B9348A7 /* [CP] Check Pods Manifest.lock */,
				77165D9124A5E5DF00FC8F4F /* Veawer */,
				77165D7324A5E47B00FC8F4F /* Sources */,
				77165D7424A5E47B00FC8F4F /* Frameworks */,
				77165D7524A5E47B00FC8F4F /* Resources */,
				75A106774BBB8E0B6A5C9D0C /* [CP] Embed Pods Frameworks */,
			);
			buildRules = (
			);
			dependencies = (
			);
			name = ApplicaturaTestProject;
			productName = ApplicaturaTestProject;
			productReference = 77165D7724A5E47B00FC8F4F /* ApplicaturaTestProject.app */;
			productType = "com.apple.product-type.application";
		};
/* End PBXNativeTarget section */

/* Begin PBXProject section */
		77165D6F24A5E47B00FC8F4F /* Project object */ = {
			isa = PBXProject;
			attributes = {
				LastSwiftUpdateCheck = 1150;
				LastUpgradeCheck = 1150;
				ORGANIZATIONNAME = Viktor;
				TargetAttributes = {
					77165D7624A5E47B00FC8F4F = {
						CreatedOnToolsVersion = 11.5;
					};
				};
			};
			buildConfigurationList = 77165D7224A5E47B00FC8F4F /* Build configuration list for PBXProject "ApplicaturaTestProject" */;
			compatibilityVersion = "Xcode 9.3";
			developmentRegion = en;
			hasScannedForEncodings = 0;
			knownRegions = (
				en,
				Base,
			);
			mainGroup = 77165D6E24A5E47B00FC8F4F;
			productRefGroup = 77165D7824A5E47B00FC8F4F /* Products */;
			projectDirPath = "";
			projectRoot = "";
			targets = (
				77165D7624A5E47B00FC8F4F /* ApplicaturaTestProject */,
			);
		};
/* End PBXProject section */

/* Begin PBXResourcesBuildPhase section */
		77165D7524A5E47B00FC8F4F /* Resources */ = {
			isa = PBXResourcesBuildPhase;
			buildActionMask = 2147483647;
			files = (
				77165D8724A5E47D00FC8F4F /* LaunchScreen.storyboard in Resources */,
				77165D8424A5E47D00FC8F4F /* Assets.xcassets in Resources */,
				77165DE024A606EF00FC8F4F /* city.list.json in Resources */,
			);
			runOnlyForDeploymentPostprocessing = 0;
		};
/* End PBXResourcesBuildPhase section */

/* Begin PBXShellScriptBuildPhase section */
		75A106774BBB8E0B6A5C9D0C /* [CP] Embed Pods Frameworks */ = {
			isa = PBXShellScriptBuildPhase;
			buildActionMask = 2147483647;
			files = (
			);
			inputFileListPaths = (
				"${PODS_ROOT}/Target Support Files/Pods-ApplicaturaTestProject/Pods-ApplicaturaTestProject-frameworks-${CONFIGURATION}-input-files.xcfilelist",
			);
			name = "[CP] Embed Pods Frameworks";
			outputFileListPaths = (
				"${PODS_ROOT}/Target Support Files/Pods-ApplicaturaTestProject/Pods-ApplicaturaTestProject-frameworks-${CONFIGURATION}-output-files.xcfilelist",
			);
			runOnlyForDeploymentPostprocessing = 0;
			shellPath = /bin/sh;
			shellScript = "\"${PODS_ROOT}/Target Support Files/Pods-ApplicaturaTestProject/Pods-ApplicaturaTestProject-frameworks.sh\"\n";
			showEnvVarsInLog = 0;
		};
		77165D9124A5E5DF00FC8F4F /* Veawer */ = {
			isa = PBXShellScriptBuildPhase;
			buildActionMask = 2147483647;
			files = (
			);
			inputFileListPaths = (
			);
			inputPaths = (
			);
			name = Veawer;
			outputFileListPaths = (
			);
			outputPaths = (
			);
			runOnlyForDeploymentPostprocessing = 0;
			shellPath = /bin/sh;
			shellScript = "$PODS_ROOT/WeaverDI/weaver/bin/weaver swift --project-path \"$PROJECT_DIR/$TARGET_NAME\" --output-path \"${SOURCE_ROOT}/$TARGET_NAME/Source/Dependencies/Generated\" --single-output\n";
		};
		F69E1E530B6386F55B9348A7 /* [CP] Check Pods Manifest.lock */ = {
			isa = PBXShellScriptBuildPhase;
			buildActionMask = 2147483647;
			files = (
			);
			inputFileListPaths = (
			);
			inputPaths = (
				"${PODS_PODFILE_DIR_PATH}/Podfile.lock",
				"${PODS_ROOT}/Manifest.lock",
			);
			name = "[CP] Check Pods Manifest.lock";
			outputFileListPaths = (
			);
			outputPaths = (
				"$(DERIVED_FILE_DIR)/Pods-ApplicaturaTestProject-checkManifestLockResult.txt",
			);
			runOnlyForDeploymentPostprocessing = 0;
			shellPath = /bin/sh;
			shellScript = "diff \"${PODS_PODFILE_DIR_PATH}/Podfile.lock\" \"${PODS_ROOT}/Manifest.lock\" > /dev/null\nif [ $? != 0 ] ; then\n    # print error to STDERR\n    echo \"error: The sandbox is not in sync with the Podfile.lock. Run 'pod install' or update your CocoaPods installation.\" >&2\n    exit 1\nfi\n# This output is used by Xcode 'outputs' to avoid re-running this script phase.\necho \"SUCCESS\" > \"${SCRIPT_OUTPUT_FILE_0}\"\n";
			showEnvVarsInLog = 0;
		};
/* End PBXShellScriptBuildPhase section */

/* Begin PBXSourcesBuildPhase section */
		77165D7324A5E47B00FC8F4F /* Sources */ = {
			isa = PBXSourcesBuildPhase;
			buildActionMask = 2147483647;
			files = (
				77F3645424A7663000C240CF /* HeaderCell.swift in Sources */,
				77165DC924A5F7F500FC8F4F /* CityWeatherViewModelProtocol.swift in Sources */,
				77165DAC24A5F0AC00FC8F4F /* WeatherTableScene.swift in Sources */,
				77165D9A24A5E84A00FC8F4F /* Router.swift in Sources */,
				77165DD924A5FFA900FC8F4F /* URLs.swift in Sources */,
				77165DA924A5E95B00FC8F4F /* Weaver.swift in Sources */,
				77165DC024A5F30D00FC8F4F /* WeatherTableController.swift in Sources */,
				77F3646224A7699400C240CF /* AddCityRouterProtocol.swift in Sources */,
				77F3646524A769C300C240CF /* AddCityController.swift in Sources */,
				77F3645724A766BA00C240CF /* HeaderCellDelegate.swift in Sources */,
				77165DC424A5F75200FC8F4F /* CityWeatherScene.swift in Sources */,
				77165DCD24A5F8FF00FC8F4F /* CityWeatherRouterProtocol.swift in Sources */,
				77165DC724A5F7C700FC8F4F /* CityWeatherViewModel.swift in Sources */,
				77F3645E24A7695000C240CF /* AddCityViewModelProtocol.swift in Sources */,
				77165DD124A5F95800FC8F4F /* CityWetherController.swift in Sources */,
				77165DB024A5F17900FC8F4F /* WeatherTableViewModelProtocol.swift in Sources */,
				77F3645A24A768C400C240CF /* AddCityScene.swift in Sources */,
				77165D9F24A5E88800FC8F4F /* BaseScene.swift in Sources */,
				7715272924A6200F0075F744 /* CityData.xcdatamodeld in Sources */,
				77C8699124A6287F007BA750 /* CoreDataManager.swift in Sources */,
				77165DB424A5F1C900FC8F4F /* WeatherTableRouterProtocol.swift in Sources */,
				77165DA124A5E89000FC8F4F /* BaseRouter.swift in Sources */,
				77165DDB24A6043E00FC8F4F /* JSONDecoderService.swift in Sources */,
				77F3644924A6445F00C240CF /* UserDefaults+Keys.swift in Sources */,
				77F3642F24A62DE500C240CF /* JSONDecoder.swift in Sources */,
				77F3644524A6374800C240CF /* Coord+CoreDataClass.swift in Sources */,
				77165DD624A5FDC100FC8F4F /* NetworkService.swift in Sources */,
				77F3644624A6374800C240CF /* CityData+CoreDataClass.swift in Sources */,
				77165DB224A5F1A100FC8F4F /* WeatherTableRouter.swift in Sources */,
				77165DA424A5E8B800FC8F4F /* PopoverPresentation.swift in Sources */,
				77F3645C24A7690E00C240CF /* AddCityViewModel.swift in Sources */,
				77F3644F24A763F900C240CF /* Texts.swift in Sources */,
				77F3645124A7657800C240CF /* CityWeatherCell.swift in Sources */,
				77165DCB24A5F80C00FC8F4F /* CityWeatherRouter.swift in Sources */,
				77165DAE24A5F12000FC8F4F /* WeatherTableViewModel.swift in Sources */,
				77F3646724A769ED00C240CF /* AddCityControllerProtocol.swift in Sources */,
				77165D9C24A5E86B00FC8F4F /* Presentation.swift in Sources */,
				77165D7B24A5E47B00FC8F4F /* AppDelegate.swift in Sources */,
				77165DC224A5F3A200FC8F4F /* WeatherControllerProtocol.swift in Sources */,
				77F3644724A6374800C240CF /* Coord+CoreDataProperties.swift in Sources */,
				77165D7D24A5E47B00FC8F4F /* SceneDelegate.swift in Sources */,
				77165DBB24A5F27A00FC8F4F /* StaticNavigationBar.swift in Sources */,
				77F3644424A6374800C240CF /* CityData+CoreDataProperties.swift in Sources */,
				77165D9824A5E83C00FC8F4F /* Scene.swift in Sources */,
				77F3646024A7696400C240CF /* AddCityRouter.swift in Sources */,
				77165DB824A5F24B00FC8F4F /* BaseController.swift in Sources */,
				77F3642D24A62DBD00C240CF /* CodingUserInfoKey.swift in Sources */,
				77165DA724A5E8E300FC8F4F /* MainRouter.swift in Sources */,
				77165DD324A5F9B000FC8F4F /* CityWeatherControllerProtocol.swift in Sources */,
			);
			runOnlyForDeploymentPostprocessing = 0;
		};
/* End PBXSourcesBuildPhase section */

/* Begin PBXVariantGroup section */
		77165D8524A5E47D00FC8F4F /* LaunchScreen.storyboard */ = {
			isa = PBXVariantGroup;
			children = (
				77165D8624A5E47D00FC8F4F /* Base */,
			);
			name = LaunchScreen.storyboard;
			sourceTree = "<group>";
		};
/* End PBXVariantGroup section */

/* Begin XCBuildConfiguration section */
		77165D8924A5E47D00FC8F4F /* Debug */ = {
			isa = XCBuildConfiguration;
			buildSettings = {
				ALWAYS_SEARCH_USER_PATHS = NO;
				CLANG_ANALYZER_NONNULL = YES;
				CLANG_ANALYZER_NUMBER_OBJECT_CONVERSION = YES_AGGRESSIVE;
				CLANG_CXX_LANGUAGE_STANDARD = "gnu++14";
				CLANG_CXX_LIBRARY = "libc++";
				CLANG_ENABLE_MODULES = YES;
				CLANG_ENABLE_OBJC_ARC = YES;
				CLANG_ENABLE_OBJC_WEAK = YES;
				CLANG_WARN_BLOCK_CAPTURE_AUTORELEASING = YES;
				CLANG_WARN_BOOL_CONVERSION = YES;
				CLANG_WARN_COMMA = YES;
				CLANG_WARN_CONSTANT_CONVERSION = YES;
				CLANG_WARN_DEPRECATED_OBJC_IMPLEMENTATIONS = YES;
				CLANG_WARN_DIRECT_OBJC_ISA_USAGE = YES_ERROR;
				CLANG_WARN_DOCUMENTATION_COMMENTS = YES;
				CLANG_WARN_EMPTY_BODY = YES;
				CLANG_WARN_ENUM_CONVERSION = YES;
				CLANG_WARN_INFINITE_RECURSION = YES;
				CLANG_WARN_INT_CONVERSION = YES;
				CLANG_WARN_NON_LITERAL_NULL_CONVERSION = YES;
				CLANG_WARN_OBJC_IMPLICIT_RETAIN_SELF = YES;
				CLANG_WARN_OBJC_LITERAL_CONVERSION = YES;
				CLANG_WARN_OBJC_ROOT_CLASS = YES_ERROR;
				CLANG_WARN_RANGE_LOOP_ANALYSIS = YES;
				CLANG_WARN_STRICT_PROTOTYPES = YES;
				CLANG_WARN_SUSPICIOUS_MOVE = YES;
				CLANG_WARN_UNGUARDED_AVAILABILITY = YES_AGGRESSIVE;
				CLANG_WARN_UNREACHABLE_CODE = YES;
				CLANG_WARN__DUPLICATE_METHOD_MATCH = YES;
				COPY_PHASE_STRIP = NO;
				DEBUG_INFORMATION_FORMAT = dwarf;
				ENABLE_STRICT_OBJC_MSGSEND = YES;
				ENABLE_TESTABILITY = YES;
				GCC_C_LANGUAGE_STANDARD = gnu11;
				GCC_DYNAMIC_NO_PIC = NO;
				GCC_NO_COMMON_BLOCKS = YES;
				GCC_OPTIMIZATION_LEVEL = 0;
				GCC_PREPROCESSOR_DEFINITIONS = (
					"DEBUG=1",
					"$(inherited)",
				);
				GCC_WARN_64_TO_32_BIT_CONVERSION = YES;
				GCC_WARN_ABOUT_RETURN_TYPE = YES_ERROR;
				GCC_WARN_UNDECLARED_SELECTOR = YES;
				GCC_WARN_UNINITIALIZED_AUTOS = YES_AGGRESSIVE;
				GCC_WARN_UNUSED_FUNCTION = YES;
				GCC_WARN_UNUSED_VARIABLE = YES;
				IPHONEOS_DEPLOYMENT_TARGET = 13.5;
				MTL_ENABLE_DEBUG_INFO = INCLUDE_SOURCE;
				MTL_FAST_MATH = YES;
				ONLY_ACTIVE_ARCH = YES;
				SDKROOT = iphoneos;
				SWIFT_ACTIVE_COMPILATION_CONDITIONS = DEBUG;
				SWIFT_OPTIMIZATION_LEVEL = "-Onone";
			};
			name = Debug;
		};
		77165D8A24A5E47D00FC8F4F /* Release */ = {
			isa = XCBuildConfiguration;
			buildSettings = {
				ALWAYS_SEARCH_USER_PATHS = NO;
				CLANG_ANALYZER_NONNULL = YES;
				CLANG_ANALYZER_NUMBER_OBJECT_CONVERSION = YES_AGGRESSIVE;
				CLANG_CXX_LANGUAGE_STANDARD = "gnu++14";
				CLANG_CXX_LIBRARY = "libc++";
				CLANG_ENABLE_MODULES = YES;
				CLANG_ENABLE_OBJC_ARC = YES;
				CLANG_ENABLE_OBJC_WEAK = YES;
				CLANG_WARN_BLOCK_CAPTURE_AUTORELEASING = YES;
				CLANG_WARN_BOOL_CONVERSION = YES;
				CLANG_WARN_COMMA = YES;
				CLANG_WARN_CONSTANT_CONVERSION = YES;
				CLANG_WARN_DEPRECATED_OBJC_IMPLEMENTATIONS = YES;
				CLANG_WARN_DIRECT_OBJC_ISA_USAGE = YES_ERROR;
				CLANG_WARN_DOCUMENTATION_COMMENTS = YES;
				CLANG_WARN_EMPTY_BODY = YES;
				CLANG_WARN_ENUM_CONVERSION = YES;
				CLANG_WARN_INFINITE_RECURSION = YES;
				CLANG_WARN_INT_CONVERSION = YES;
				CLANG_WARN_NON_LITERAL_NULL_CONVERSION = YES;
				CLANG_WARN_OBJC_IMPLICIT_RETAIN_SELF = YES;
				CLANG_WARN_OBJC_LITERAL_CONVERSION = YES;
				CLANG_WARN_OBJC_ROOT_CLASS = YES_ERROR;
				CLANG_WARN_RANGE_LOOP_ANALYSIS = YES;
				CLANG_WARN_STRICT_PROTOTYPES = YES;
				CLANG_WARN_SUSPICIOUS_MOVE = YES;
				CLANG_WARN_UNGUARDED_AVAILABILITY = YES_AGGRESSIVE;
				CLANG_WARN_UNREACHABLE_CODE = YES;
				CLANG_WARN__DUPLICATE_METHOD_MATCH = YES;
				COPY_PHASE_STRIP = NO;
				DEBUG_INFORMATION_FORMAT = "dwarf-with-dsym";
				ENABLE_NS_ASSERTIONS = NO;
				ENABLE_STRICT_OBJC_MSGSEND = YES;
				GCC_C_LANGUAGE_STANDARD = gnu11;
				GCC_NO_COMMON_BLOCKS = YES;
				GCC_WARN_64_TO_32_BIT_CONVERSION = YES;
				GCC_WARN_ABOUT_RETURN_TYPE = YES_ERROR;
				GCC_WARN_UNDECLARED_SELECTOR = YES;
				GCC_WARN_UNINITIALIZED_AUTOS = YES_AGGRESSIVE;
				GCC_WARN_UNUSED_FUNCTION = YES;
				GCC_WARN_UNUSED_VARIABLE = YES;
				IPHONEOS_DEPLOYMENT_TARGET = 13.5;
				MTL_ENABLE_DEBUG_INFO = NO;
				MTL_FAST_MATH = YES;
				SDKROOT = iphoneos;
				SWIFT_COMPILATION_MODE = wholemodule;
				SWIFT_OPTIMIZATION_LEVEL = "-O";
				VALIDATE_PRODUCT = YES;
			};
			name = Release;
		};
		77165D8C24A5E47D00FC8F4F /* Debug */ = {
			isa = XCBuildConfiguration;
			baseConfigurationReference = 90CDBE52CCB0896DDCF0F363 /* Pods-ApplicaturaTestProject.debug.xcconfig */;
			buildSettings = {
				ASSETCATALOG_COMPILER_APPICON_NAME = AppIcon;
				CODE_SIGN_STYLE = Automatic;
				INFOPLIST_FILE = "$(SRCROOT)/ApplicaturaTestProject/SupportingFiles/Info.plist";
				LD_RUNPATH_SEARCH_PATHS = (
					"$(inherited)",
					"@executable_path/Frameworks",
				);
				PRODUCT_BUNDLE_IDENTIFIER = "VP-P.ApplicaturaTestProject";
				PRODUCT_NAME = "$(TARGET_NAME)";
				SWIFT_VERSION = 5.0;
				TARGETED_DEVICE_FAMILY = 1;
			};
			name = Debug;
		};
		77165D8D24A5E47D00FC8F4F /* Release */ = {
			isa = XCBuildConfiguration;
			baseConfigurationReference = AECA40071ECB291B43E12E99 /* Pods-ApplicaturaTestProject.release.xcconfig */;
			buildSettings = {
				ASSETCATALOG_COMPILER_APPICON_NAME = AppIcon;
				CODE_SIGN_STYLE = Automatic;
				INFOPLIST_FILE = "$(SRCROOT)/ApplicaturaTestProject/SupportingFiles/Info.plist";
				LD_RUNPATH_SEARCH_PATHS = (
					"$(inherited)",
					"@executable_path/Frameworks",
				);
				PRODUCT_BUNDLE_IDENTIFIER = "VP-P.ApplicaturaTestProject";
				PRODUCT_NAME = "$(TARGET_NAME)";
				SWIFT_VERSION = 5.0;
				TARGETED_DEVICE_FAMILY = 1;
			};
			name = Release;
		};
/* End XCBuildConfiguration section */

/* Begin XCConfigurationList section */
		77165D7224A5E47B00FC8F4F /* Build configuration list for PBXProject "ApplicaturaTestProject" */ = {
			isa = XCConfigurationList;
			buildConfigurations = (
				77165D8924A5E47D00FC8F4F /* Debug */,
				77165D8A24A5E47D00FC8F4F /* Release */,
			);
			defaultConfigurationIsVisible = 0;
			defaultConfigurationName = Release;
		};
		77165D8B24A5E47D00FC8F4F /* Build configuration list for PBXNativeTarget "ApplicaturaTestProject" */ = {
			isa = XCConfigurationList;
			buildConfigurations = (
				77165D8C24A5E47D00FC8F4F /* Debug */,
				77165D8D24A5E47D00FC8F4F /* Release */,
			);
			defaultConfigurationIsVisible = 0;
			defaultConfigurationName = Release;
		};
/* End XCConfigurationList section */

/* Begin XCVersionGroup section */
		7715272724A6200F0075F744 /* CityData.xcdatamodeld */ = {
			isa = XCVersionGroup;
			children = (
				7715272824A6200F0075F744 /* CityData.xcdatamodel */,
			);
			currentVersion = 7715272824A6200F0075F744 /* CityData.xcdatamodel */;
			path = CityData.xcdatamodeld;
			sourceTree = "<group>";
			versionGroupType = wrapper.xcdatamodel;
		};
/* End XCVersionGroup section */
	};
	rootObject = 77165D6F24A5E47B00FC8F4F /* Project object */;
}
